{
  "version": 4,
  "terraform_version": "1.8.1",
  "serial": 3,
  "lineage": "30251550-e3ab-62b1-1039-b521f47a91fd",
  "outputs": {},
  "resources": [
    {
      "mode": "managed",
      "type": "github_repository",
      "name": "terraform-first-repo",
      "provider": "provider[\"registry.terraform.io/hashicorp/github\"]",
      "instances": [
        {
          "schema_version": 1,
          "attributes": {
            "allow_auto_merge": false,
            "allow_merge_commit": true,
            "allow_rebase_merge": true,
            "allow_squash_merge": true,
            "allow_update_branch": false,
            "archive_on_destroy": null,
            "archived": false,
            "auto_init": true,
            "default_branch": "main",
            "delete_branch_on_merge": false,
            "description": "First repo using Terraform",
            "etag": "W/\"e12ff2e4367948f31efff35683de6743a72baf02802452b5972be427b79ad5f3\"",
            "full_name": "ab106snu/First-repo-from-terraform",
            "git_clone_url": "git://github.com/ab106snu/First-repo-from-terraform.git",
            "gitignore_template": null,
            "has_discussions": false,
            "has_downloads": false,
            "has_issues": false,
            "has_projects": false,
            "has_wiki": false,
            "homepage_url": "",
            "html_url": "https://github.com/ab106snu/First-repo-from-terraform",
            "http_clone_url": "https://github.com/ab106snu/First-repo-from-terraform.git",
            "id": "First-repo-from-terraform",
            "ignore_vulnerability_alerts_during_read": null,
            "is_template": false,
            "license_template": null,
            "merge_commit_message": "PR_TITLE",
            "merge_commit_title": "MERGE_MESSAGE",
            "name": "First-repo-from-terraform",
            "node_id": "R_kgDOLwelLA",
            "pages": [],
            "primary_language": "",
            "private": false,
            "repo_id": 789030188,
            "security_and_analysis": [
              {
                "advanced_security": [],
                "secret_scanning": [
                  {
                    "status": "enabled"
                  }
                ],
                "secret_scanning_push_protection": [
                  {
                    "status": "enabled"
                  }
                ]
              }
            ],
            "squash_merge_commit_message": "COMMIT_MESSAGES",
            "squash_merge_commit_title": "COMMIT_OR_PR_TITLE",
            "ssh_clone_url": "git@github.com:ab106snu/First-repo-from-terraform.git",
            "svn_url": "https://github.com/ab106snu/First-repo-from-terraform",
            "template": [],
            "topics": [],
            "visibility": "public",
            "vulnerability_alerts": false,
            "web_commit_signoff_required": false
          },
          "sensitive_attributes": [],
          "private": "eyJzY2hlbWFfdmVyc2lvbiI6IjEifQ=="
        }
      ]
    }
  ],
  "check_results": null
}
